
Microsoft Visual Studio Solution File, Format Version 12.00
# Visual Studio Version 16
VisualStudioVersion = 16.0.31515.178
MinimumVisualStudioVersion = 10.0.40219.1
Project("{FAE04EC0-301F-11D3-BF4B-00C04F79EFBC}") = "Llamada", "Llamada.csproj", "{A8CEEC2E-56DC-4701-82A8-5DAEAB98364F}"
EndProject
Global
	GlobalSection(SolutionConfigurationPlatforms) = preSolution
		Debug|Any CPU = Debug|Any CPU
		Release|Any CPU = Release|Any CPU
	EndGlobalSection
	GlobalSection(ProjectConfigurationPlatforms) = postSolution
		{A8CEEC2E-56DC-4701-82A8-5DAEAB98364F}.Debug|Any CPU.ActiveCfg = Debug|Any CPU
		{A8CEEC2E-56DC-4701-82A8-5DAEAB98364F}.Debug|Any CPU.Build.0 = Debug|Any CPU
		{A8CEEC2E-56DC-4701-82A8-5DAEAB98364F}.Release|Any CPU.ActiveCfg = Release|Any CPU
		{A8CEEC2E-56DC-4701-82A8-5DAEAB98364F}.Release|Any CPU.Build.0 = Release|Any CPU
	EndGlobalSection
	GlobalSection(SolutionProperties) = preSolution
		HideSolutionNode = FALSE
	EndGlobalSection
	GlobalSection(ExtensibilityGlobals) = postSolution
		SolutionGuid = {216DB1D6-1576-4C06-A005-AA0445D3095A}
	EndGlobalSection
EndGlobal
